
Microsoft Visual Studio Solution File, Format Version 12.00
# Visual Studio 15
VisualStudioVersion = 15.0.27004.2002
MinimumVisualStudioVersion = 10.0.40219.1
Project("{8BC9CEB8-8B4A-11D0-8D11-00A0C91BC942}") = "Lab", "Lab\Lab.vcxproj", "{D4762E44-56EF-463A-99F2-8BA0694A28DE}"
EndProject
Project("{8BC9CEB8-8B4A-11D0-8D11-00A0C91BC942}") = "Lab2", "Lab2\Lab2.vcxproj", "{5393F689-4C48-4362-9D3C-21F3D1B82431}"
EndProject
Project("{8BC9CEB8-8B4A-11D0-8D11-00A0C91BC942}") = "Lab3", "Lab3\Lab3.vcxproj", "{2CE366D6-BF13-44D2-A1F0-30DBEB4D31C6}"
EndProject
Project("{8BC9CEB8-8B4A-11D0-8D11-00A0C91BC942}") = "Lab4", "Lab4\Lab4.vcxproj", "{242FC795-DFA9-418F-A7E9-582768366E7B}"
EndProject
Project("{8BC9CEB8-8B4A-11D0-8D11-00A0C91BC942}") = "Functions", "Functions\Functions.vcxproj", "{F21A5945-17F3-4A82-861B-91A8DA7C8280}"
EndProject
Project("{8BC9CEB8-8B4A-11D0-8D11-00A0C91BC942}") = "Lab5", "Lab5\Lab5.vcxproj", "{9CE2B7AC-6098-47E4-9F91-C8FF1116D04D}"
EndProject
Project("{8BC9CEB8-8B4A-11D0-8D11-00A0C91BC942}") = "Lab6", "Lab6\Lab6.vcxproj", "{D4E8A2B7-AC74-454B-AD85-4B344F207F1E}"
EndProject
Project("{8BC9CEB8-8B4A-11D0-8D11-00A0C91BC942}") = "Lab7", "Lab7\Lab7.vcxproj", "{A5CD66C9-A9E9-4121-A3B1-34B76953BE51}"
EndProject
Project("{8BC9CEB8-8B4A-11D0-8D11-00A0C91BC942}") = "Massive", "Massive\Massive.vcxproj", "{065497DA-3494-435E-AA83-7FA782DF00B5}"
EndProject
Project("{8BC9CEB8-8B4A-11D0-8D11-00A0C91BC942}") = "Lab8", "Lab8\Lab8.vcxproj", "{4B836B21-F9E5-41B7-B6AB-A3CA47CA79F7}"
EndProject
Project("{8BC9CEB8-8B4A-11D0-8D11-00A0C91BC942}") = "Matrix", "Matrix\Matrix.vcxproj", "{DC9FF2F4-98B0-45C8-B3B4-D7448C01AE77}"
EndProject
Project("{8BC9CEB8-8B4A-11D0-8D11-00A0C91BC942}") = "Lab9 (exe)", "Lab9\Lab9.vcxproj", "{624A795E-3699-48B7-9B11-7ED2F2C89F10}"
EndProject
Project("{8BC9CEB8-8B4A-11D0-8D11-00A0C91BC942}") = "Lab9 (dll)", "Lab9 (dll)\Lab9 (dll).vcxproj", "{D5BEC004-8240-4E4E-B5AD-6C38E6E4A21F}"
EndProject
Project("{8BC9CEB8-8B4A-11D0-8D11-00A0C91BC942}") = "Lab9 (lib)", "Lab9 (lib)\Lab9 (lib).vcxproj", "{4A63C595-BBAE-4DB7-873D-FE49273616B3}"
EndProject
Project("{2150E333-8FDC-42A3-9474-1A3956D46DE8}") = "Lab9(Libraries)", "Lab9(Libraries)", "{5C77EB66-B245-483E-BBB4-68643A93F8D5}"
EndProject
Global
	GlobalSection(SolutionConfigurationPlatforms) = preSolution
		Debug|x64 = Debug|x64
		Debug|x86 = Debug|x86
		Release|x64 = Release|x64
		Release|x86 = Release|x86
	EndGlobalSection
	GlobalSection(ProjectConfigurationPlatforms) = postSolution
		{D4762E44-56EF-463A-99F2-8BA0694A28DE}.Debug|x64.ActiveCfg = Debug|x64
		{D4762E44-56EF-463A-99F2-8BA0694A28DE}.Debug|x64.Build.0 = Debug|x64
		{D4762E44-56EF-463A-99F2-8BA0694A28DE}.Debug|x86.ActiveCfg = Debug|Win32
		{D4762E44-56EF-463A-99F2-8BA0694A28DE}.Debug|x86.Build.0 = Debug|Win32
		{D4762E44-56EF-463A-99F2-8BA0694A28DE}.Release|x64.ActiveCfg = Release|x64
		{D4762E44-56EF-463A-99F2-8BA0694A28DE}.Release|x64.Build.0 = Release|x64
		{D4762E44-56EF-463A-99F2-8BA0694A28DE}.Release|x86.ActiveCfg = Release|Win32
		{D4762E44-56EF-463A-99F2-8BA0694A28DE}.Release|x86.Build.0 = Release|Win32
		{5393F689-4C48-4362-9D3C-21F3D1B82431}.Debug|x64.ActiveCfg = Debug|x64
		{5393F689-4C48-4362-9D3C-21F3D1B82431}.Debug|x64.Build.0 = Debug|x64
		{5393F689-4C48-4362-9D3C-21F3D1B82431}.Debug|x86.ActiveCfg = Debug|Win32
		{5393F689-4C48-4362-9D3C-21F3D1B82431}.Debug|x86.Build.0 = Debug|Win32
		{5393F689-4C48-4362-9D3C-21F3D1B82431}.Release|x64.ActiveCfg = Release|x64
		{5393F689-4C48-4362-9D3C-21F3D1B82431}.Release|x64.Build.0 = Release|x64
		{5393F689-4C48-4362-9D3C-21F3D1B82431}.Release|x86.ActiveCfg = Release|Win32
		{5393F689-4C48-4362-9D3C-21F3D1B82431}.Release|x86.Build.0 = Release|Win32
		{2CE366D6-BF13-44D2-A1F0-30DBEB4D31C6}.Debug|x64.ActiveCfg = Debug|x64
		{2CE366D6-BF13-44D2-A1F0-30DBEB4D31C6}.Debug|x64.Build.0 = Debug|x64
		{2CE366D6-BF13-44D2-A1F0-30DBEB4D31C6}.Debug|x86.ActiveCfg = Debug|Win32
		{2CE366D6-BF13-44D2-A1F0-30DBEB4D31C6}.Debug|x86.Build.0 = Debug|Win32
		{2CE366D6-BF13-44D2-A1F0-30DBEB4D31C6}.Release|x64.ActiveCfg = Release|x64
		{2CE366D6-BF13-44D2-A1F0-30DBEB4D31C6}.Release|x64.Build.0 = Release|x64
		{2CE366D6-BF13-44D2-A1F0-30DBEB4D31C6}.Release|x86.ActiveCfg = Release|Win32
		{2CE366D6-BF13-44D2-A1F0-30DBEB4D31C6}.Release|x86.Build.0 = Release|Win32
		{242FC795-DFA9-418F-A7E9-582768366E7B}.Debug|x64.ActiveCfg = Debug|x64
		{242FC795-DFA9-418F-A7E9-582768366E7B}.Debug|x64.Build.0 = Debug|x64
		{242FC795-DFA9-418F-A7E9-582768366E7B}.Debug|x86.ActiveCfg = Debug|Win32
		{242FC795-DFA9-418F-A7E9-582768366E7B}.Debug|x86.Build.0 = Debug|Win32
		{242FC795-DFA9-418F-A7E9-582768366E7B}.Release|x64.ActiveCfg = Release|x64
		{242FC795-DFA9-418F-A7E9-582768366E7B}.Release|x64.Build.0 = Release|x64
		{242FC795-DFA9-418F-A7E9-582768366E7B}.Release|x86.ActiveCfg = Release|Win32
		{242FC795-DFA9-418F-A7E9-582768366E7B}.Release|x86.Build.0 = Release|Win32
		{F21A5945-17F3-4A82-861B-91A8DA7C8280}.Debug|x64.ActiveCfg = Debug|x64
		{F21A5945-17F3-4A82-861B-91A8DA7C8280}.Debug|x64.Build.0 = Debug|x64
		{F21A5945-17F3-4A82-861B-91A8DA7C8280}.Debug|x86.ActiveCfg = Debug|Win32
		{F21A5945-17F3-4A82-861B-91A8DA7C8280}.Debug|x86.Build.0 = Debug|Win32
		{F21A5945-17F3-4A82-861B-91A8DA7C8280}.Release|x64.ActiveCfg = Release|x64
		{F21A5945-17F3-4A82-861B-91A8DA7C8280}.Release|x64.Build.0 = Release|x64
		{F21A5945-17F3-4A82-861B-91A8DA7C8280}.Release|x86.ActiveCfg = Release|Win32
		{F21A5945-17F3-4A82-861B-91A8DA7C8280}.Release|x86.Build.0 = Release|Win32
		{9CE2B7AC-6098-47E4-9F91-C8FF1116D04D}.Debug|x64.ActiveCfg = Debug|x64
		{9CE2B7AC-6098-47E4-9F91-C8FF1116D04D}.Debug|x64.Build.0 = Debug|x64
		{9CE2B7AC-6098-47E4-9F91-C8FF1116D04D}.Debug|x86.ActiveCfg = Debug|Win32
		{9CE2B7AC-6098-47E4-9F91-C8FF1116D04D}.Debug|x86.Build.0 = Debug|Win32
		{9CE2B7AC-6098-47E4-9F91-C8FF1116D04D}.Release|x64.ActiveCfg = Release|x64
		{9CE2B7AC-6098-47E4-9F91-C8FF1116D04D}.Release|x64.Build.0 = Release|x64
		{9CE2B7AC-6098-47E4-9F91-C8FF1116D04D}.Release|x86.ActiveCfg = Release|Win32
		{9CE2B7AC-6098-47E4-9F91-C8FF1116D04D}.Release|x86.Build.0 = Release|Win32
		{D4E8A2B7-AC74-454B-AD85-4B344F207F1E}.Debug|x64.ActiveCfg = Debug|x64
		{D4E8A2B7-AC74-454B-AD85-4B344F207F1E}.Debug|x64.Build.0 = Debug|x64
		{D4E8A2B7-AC74-454B-AD85-4B344F207F1E}.Debug|x86.ActiveCfg = Debug|Win32
		{D4E8A2B7-AC74-454B-AD85-4B344F207F1E}.Debug|x86.Build.0 = Debug|Win32
		{D4E8A2B7-AC74-454B-AD85-4B344F207F1E}.Release|x64.ActiveCfg = Release|x64
		{D4E8A2B7-AC74-454B-AD85-4B344F207F1E}.Release|x64.Build.0 = Release|x64
		{D4E8A2B7-AC74-454B-AD85-4B344F207F1E}.Release|x86.ActiveCfg = Release|Win32
		{D4E8A2B7-AC74-454B-AD85-4B344F207F1E}.Release|x86.Build.0 = Release|Win32
		{A5CD66C9-A9E9-4121-A3B1-34B76953BE51}.Debug|x64.ActiveCfg = Debug|x64
		{A5CD66C9-A9E9-4121-A3B1-34B76953BE51}.Debug|x64.Build.0 = Debug|x64
		{A5CD66C9-A9E9-4121-A3B1-34B76953BE51}.Debug|x86.ActiveCfg = Debug|Win32
		{A5CD66C9-A9E9-4121-A3B1-34B76953BE51}.Debug|x86.Build.0 = Debug|Win32
		{A5CD66C9-A9E9-4121-A3B1-34B76953BE51}.Release|x64.ActiveCfg = Release|x64
		{A5CD66C9-A9E9-4121-A3B1-34B76953BE51}.Release|x64.Build.0 = Release|x64
		{A5CD66C9-A9E9-4121-A3B1-34B76953BE51}.Release|x86.ActiveCfg = Release|Win32
		{A5CD66C9-A9E9-4121-A3B1-34B76953BE51}.Release|x86.Build.0 = Release|Win32
		{065497DA-3494-435E-AA83-7FA782DF00B5}.Debug|x64.ActiveCfg = Debug|x64
		{065497DA-3494-435E-AA83-7FA782DF00B5}.Debug|x64.Build.0 = Debug|x64
		{065497DA-3494-435E-AA83-7FA782DF00B5}.Debug|x86.ActiveCfg = Debug|Win32
		{065497DA-3494-435E-AA83-7FA782DF00B5}.Debug|x86.Build.0 = Debug|Win32
		{065497DA-3494-435E-AA83-7FA782DF00B5}.Release|x64.ActiveCfg = Release|x64
		{065497DA-3494-435E-AA83-7FA782DF00B5}.Release|x64.Build.0 = Release|x64
		{065497DA-3494-435E-AA83-7FA782DF00B5}.Release|x86.ActiveCfg = Release|Win32
		{065497DA-3494-435E-AA83-7FA782DF00B5}.Release|x86.Build.0 = Release|Win32
		{4B836B21-F9E5-41B7-B6AB-A3CA47CA79F7}.Debug|x64.ActiveCfg = Debug|x64
		{4B836B21-F9E5-41B7-B6AB-A3CA47CA79F7}.Debug|x64.Build.0 = Debug|x64
		{4B836B21-F9E5-41B7-B6AB-A3CA47CA79F7}.Debug|x86.ActiveCfg = Debug|Win32
		{4B836B21-F9E5-41B7-B6AB-A3CA47CA79F7}.Debug|x86.Build.0 = Debug|Win32
		{4B836B21-F9E5-41B7-B6AB-A3CA47CA79F7}.Release|x64.ActiveCfg = Release|x64
		{4B836B21-F9E5-41B7-B6AB-A3CA47CA79F7}.Release|x64.Build.0 = Release|x64
		{4B836B21-F9E5-41B7-B6AB-A3CA47CA79F7}.Release|x86.ActiveCfg = Release|Win32
		{4B836B21-F9E5-41B7-B6AB-A3CA47CA79F7}.Release|x86.Build.0 = Release|Win32
		{DC9FF2F4-98B0-45C8-B3B4-D7448C01AE77}.Debug|x64.ActiveCfg = Debug|x64
		{DC9FF2F4-98B0-45C8-B3B4-D7448C01AE77}.Debug|x64.Build.0 = Debug|x64
		{DC9FF2F4-98B0-45C8-B3B4-D7448C01AE77}.Debug|x86.ActiveCfg = Debug|Win32
		{DC9FF2F4-98B0-45C8-B3B4-D7448C01AE77}.Debug|x86.Build.0 = Debug|Win32
		{DC9FF2F4-98B0-45C8-B3B4-D7448C01AE77}.Release|x64.ActiveCfg = Release|x64
		{DC9FF2F4-98B0-45C8-B3B4-D7448C01AE77}.Release|x64.Build.0 = Release|x64
		{DC9FF2F4-98B0-45C8-B3B4-D7448C01AE77}.Release|x86.ActiveCfg = Release|Win32
		{DC9FF2F4-98B0-45C8-B3B4-D7448C01AE77}.Release|x86.Build.0 = Release|Win32
		{624A795E-3699-48B7-9B11-7ED2F2C89F10}.Debug|x64.ActiveCfg = Debug|x64
		{624A795E-3699-48B7-9B11-7ED2F2C89F10}.Debug|x64.Build.0 = Debug|x64
		{624A795E-3699-48B7-9B11-7ED2F2C89F10}.Debug|x86.ActiveCfg = Debug|Win32
		{624A795E-3699-48B7-9B11-7ED2F2C89F10}.Debug|x86.Build.0 = Debug|Win32
		{624A795E-3699-48B7-9B11-7ED2F2C89F10}.Release|x64.ActiveCfg = Release|x64
		{624A795E-3699-48B7-9B11-7ED2F2C89F10}.Release|x64.Build.0 = Release|x64
		{624A795E-3699-48B7-9B11-7ED2F2C89F10}.Release|x86.ActiveCfg = Release|Win32
		{624A795E-3699-48B7-9B11-7ED2F2C89F10}.Release|x86.Build.0 = Release|Win32
		{D5BEC004-8240-4E4E-B5AD-6C38E6E4A21F}.Debug|x64.ActiveCfg = Debug|x64
		{D5BEC004-8240-4E4E-B5AD-6C38E6E4A21F}.Debug|x64.Build.0 = Debug|x64
		{D5BEC004-8240-4E4E-B5AD-6C38E6E4A21F}.Debug|x86.ActiveCfg = Debug|Win32
		{D5BEC004-8240-4E4E-B5AD-6C38E6E4A21F}.Debug|x86.Build.0 = Debug|Win32
		{D5BEC004-8240-4E4E-B5AD-6C38E6E4A21F}.Release|x64.ActiveCfg = Release|x64
		{D5BEC004-8240-4E4E-B5AD-6C38E6E4A21F}.Release|x64.Build.0 = Release|x64
		{D5BEC004-8240-4E4E-B5AD-6C38E6E4A21F}.Release|x86.ActiveCfg = Release|Win32
		{D5BEC004-8240-4E4E-B5AD-6C38E6E4A21F}.Release|x86.Build.0 = Release|Win32
		{4A63C595-BBAE-4DB7-873D-FE49273616B3}.Debug|x64.ActiveCfg = Debug|x64
		{4A63C595-BBAE-4DB7-873D-FE49273616B3}.Debug|x64.Build.0 = Debug|x64
		{4A63C595-BBAE-4DB7-873D-FE49273616B3}.Debug|x86.ActiveCfg = Debug|Win32
		{4A63C595-BBAE-4DB7-873D-FE49273616B3}.Debug|x86.Build.0 = Debug|Win32
		{4A63C595-BBAE-4DB7-873D-FE49273616B3}.Release|x64.ActiveCfg = Release|x64
		{4A63C595-BBAE-4DB7-873D-FE49273616B3}.Release|x64.Build.0 = Release|x64
		{4A63C595-BBAE-4DB7-873D-FE49273616B3}.Release|x86.ActiveCfg = Release|Win32
		{4A63C595-BBAE-4DB7-873D-FE49273616B3}.Release|x86.Build.0 = Release|Win32
	EndGlobalSection
	GlobalSection(SolutionProperties) = preSolution
		HideSolutionNode = FALSE
	EndGlobalSection
	GlobalSection(NestedProjects) = preSolution
		{624A795E-3699-48B7-9B11-7ED2F2C89F10} = {5C77EB66-B245-483E-BBB4-68643A93F8D5}
		{D5BEC004-8240-4E4E-B5AD-6C38E6E4A21F} = {5C77EB66-B245-483E-BBB4-68643A93F8D5}
		{4A63C595-BBAE-4DB7-873D-FE49273616B3} = {5C77EB66-B245-483E-BBB4-68643A93F8D5}
	EndGlobalSection
	GlobalSection(ExtensibilityGlobals) = postSolution
		SolutionGuid = {C6B7FCF5-0B2A-4F37-B294-0D455412FF6B}
	EndGlobalSection
EndGlobal
